
Microsoft Visual Studio Solution File, Format Version 12.00
# Visual Studio 15
VisualStudioVersion = 15.0.28010.2003
MinimumVisualStudioVersion = 10.0.40219.1
Project("{FAE04EC0-301F-11D3-BF4B-00C04F79EFBC}") = "CacheDemo", "Main\CacheDemo.csproj", "{D7C0CF9F-522A-43DF-A2DE-2306FCBDA389}"
EndProject
Project("{FAE04EC0-301F-11D3-BF4B-00C04F79EFBC}") = "LoggingToDatabaseDemo", "LoggingDemo\LoggingToDatabaseDemo.csproj", "{73CF30EB-9F7F-4DF2-9E13-07E49839338D}"
EndProject
Project("{FAE04EC0-301F-11D3-BF4B-00C04F79EFBC}") = "LoggingToXmlDemo", "LoggingToXmlDemo\LoggingToXmlDemo.csproj", "{FC742D35-37D0-4240-A3D1-09E83F225411}"
EndProject
Project("{FAE04EC0-301F-11D3-BF4B-00C04F79EFBC}") = "LoggingToEventViewerDemo", "LoggingToEventViewerDemo\LoggingToEventViewerDemo.csproj", "{255509AA-85CC-4683-AEC9-15A2B40E0312}"
EndProject
Project("{FAE04EC0-301F-11D3-BF4B-00C04F79EFBC}") = "SemanticLoggingDemo", "SemanticLoggingDemo\SemanticLoggingDemo.csproj", "{5856E07B-0AA2-4399-A8D9-1FA7C6A971F7}"
EndProject
Project("{FAE04EC0-301F-11D3-BF4B-00C04F79EFBC}") = "NoExceptionPolicyDemo", "NoExceptionPolicyDemo\NoExceptionPolicyDemo.csproj", "{2AE0EE2F-3926-44A7-A203-D70CBCF68076}"
EndProject
Project("{FAE04EC0-301F-11D3-BF4B-00C04F79EFBC}") = "CustomSinkDemo", "CustomSinkDemo\CustomSinkDemo.csproj", "{39C20FC0-4F03-4D28-A845-C2FCC6184352}"
EndProject
Project("{FAE04EC0-301F-11D3-BF4B-00C04F79EFBC}") = "DataAccessApplicationBlockDemo", "DataAccessApplicationBlockDemo\DataAccessApplicationBlockDemo.csproj", "{BF0639BA-6ADB-4CF0-8D29-7B0204675E92}"
EndProject
Project("{FAE04EC0-301F-11D3-BF4B-00C04F79EFBC}") = "ValidationConfigDemo", "ValidationConfigDemo\ValidationConfigDemo.csproj", "{D7CBEEC2-3D45-4E55-A8E1-FA9FA6AC6E89}"
EndProject
Project("{FAE04EC0-301F-11D3-BF4B-00C04F79EFBC}") = "Models", "Models\Models.csproj", "{3321802C-6EE7-4618-918B-10CFF0104215}"
EndProject
Project("{FAE04EC0-301F-11D3-BF4B-00C04F79EFBC}") = "CustomProviderDemo", "CustomProviderDemo\CustomProviderDemo.csproj", "{EAB80D51-9459-4C9D-9498-E0D015E36142}"
EndProject
Project("{FAE04EC0-301F-11D3-BF4B-00C04F79EFBC}") = "CustomProviderLib", "CustomProviderLib\CustomProviderLib.csproj", "{94654829-DECA-4169-A88E-6A6D231AF526}"
EndProject
Project("{FAE04EC0-301F-11D3-BF4B-00C04F79EFBC}") = "UsingUnityDemo", "UsingUnityDemo\UsingUnityDemo.csproj", "{7245204F-D7BE-4E2F-819B-323C15126917}"
EndProject
Project("{FAE04EC0-301F-11D3-BF4B-00C04F79EFBC}") = "InterceptionByCode", "InterceptionByCode\InterceptionByCode.csproj", "{B65F98A7-8DA2-4563-B80C-E221595CF8B6}"
EndProject
Project("{FAE04EC0-301F-11D3-BF4B-00C04F79EFBC}") = "InterceptionByXml", "InterceptionByXml\InterceptionByXml.csproj", "{6168C748-6BCB-463A-8946-8C37202E78FB}"
EndProject
Project("{FAE04EC0-301F-11D3-BF4B-00C04F79EFBC}") = "UnityExtendDemo", "UnityExtendDemo\UnityExtendDemo.csproj", "{F7927F3E-0E55-46EB-9A63-FD9BCBDDC8DC}"
EndProject
Project("{FAE04EC0-301F-11D3-BF4B-00C04F79EFBC}") = "CallMethodFromView", "CallMethodFromView\CallMethodFromView.csproj", "{E274B3A1-298F-47CC-99D8-2F3E84564CD7}"
EndProject
Global
	GlobalSection(SolutionConfigurationPlatforms) = preSolution
		Debug|Any CPU = Debug|Any CPU
		Release|Any CPU = Release|Any CPU
	EndGlobalSection
	GlobalSection(ProjectConfigurationPlatforms) = postSolution
		{D7C0CF9F-522A-43DF-A2DE-2306FCBDA389}.Debug|Any CPU.ActiveCfg = Debug|Any CPU
		{D7C0CF9F-522A-43DF-A2DE-2306FCBDA389}.Debug|Any CPU.Build.0 = Debug|Any CPU
		{D7C0CF9F-522A-43DF-A2DE-2306FCBDA389}.Release|Any CPU.ActiveCfg = Release|Any CPU
		{D7C0CF9F-522A-43DF-A2DE-2306FCBDA389}.Release|Any CPU.Build.0 = Release|Any CPU
		{73CF30EB-9F7F-4DF2-9E13-07E49839338D}.Debug|Any CPU.ActiveCfg = Debug|Any CPU
		{73CF30EB-9F7F-4DF2-9E13-07E49839338D}.Debug|Any CPU.Build.0 = Debug|Any CPU
		{73CF30EB-9F7F-4DF2-9E13-07E49839338D}.Release|Any CPU.ActiveCfg = Release|Any CPU
		{73CF30EB-9F7F-4DF2-9E13-07E49839338D}.Release|Any CPU.Build.0 = Release|Any CPU
		{FC742D35-37D0-4240-A3D1-09E83F225411}.Debug|Any CPU.ActiveCfg = Debug|Any CPU
		{FC742D35-37D0-4240-A3D1-09E83F225411}.Debug|Any CPU.Build.0 = Debug|Any CPU
		{FC742D35-37D0-4240-A3D1-09E83F225411}.Release|Any CPU.ActiveCfg = Release|Any CPU
		{FC742D35-37D0-4240-A3D1-09E83F225411}.Release|Any CPU.Build.0 = Release|Any CPU
		{255509AA-85CC-4683-AEC9-15A2B40E0312}.Debug|Any CPU.ActiveCfg = Debug|Any CPU
		{255509AA-85CC-4683-AEC9-15A2B40E0312}.Debug|Any CPU.Build.0 = Debug|Any CPU
		{255509AA-85CC-4683-AEC9-15A2B40E0312}.Release|Any CPU.ActiveCfg = Release|Any CPU
		{255509AA-85CC-4683-AEC9-15A2B40E0312}.Release|Any CPU.Build.0 = Release|Any CPU
		{5856E07B-0AA2-4399-A8D9-1FA7C6A971F7}.Debug|Any CPU.ActiveCfg = Debug|Any CPU
		{5856E07B-0AA2-4399-A8D9-1FA7C6A971F7}.Debug|Any CPU.Build.0 = Debug|Any CPU
		{5856E07B-0AA2-4399-A8D9-1FA7C6A971F7}.Release|Any CPU.ActiveCfg = Release|Any CPU
		{5856E07B-0AA2-4399-A8D9-1FA7C6A971F7}.Release|Any CPU.Build.0 = Release|Any CPU
		{2AE0EE2F-3926-44A7-A203-D70CBCF68076}.Debug|Any CPU.ActiveCfg = Debug|Any CPU
		{2AE0EE2F-3926-44A7-A203-D70CBCF68076}.Debug|Any CPU.Build.0 = Debug|Any CPU
		{2AE0EE2F-3926-44A7-A203-D70CBCF68076}.Release|Any CPU.ActiveCfg = Release|Any CPU
		{2AE0EE2F-3926-44A7-A203-D70CBCF68076}.Release|Any CPU.Build.0 = Release|Any CPU
		{39C20FC0-4F03-4D28-A845-C2FCC6184352}.Debug|Any CPU.ActiveCfg = Debug|Any CPU
		{39C20FC0-4F03-4D28-A845-C2FCC6184352}.Debug|Any CPU.Build.0 = Debug|Any CPU
		{39C20FC0-4F03-4D28-A845-C2FCC6184352}.Release|Any CPU.ActiveCfg = Release|Any CPU
		{39C20FC0-4F03-4D28-A845-C2FCC6184352}.Release|Any CPU.Build.0 = Release|Any CPU
		{BF0639BA-6ADB-4CF0-8D29-7B0204675E92}.Debug|Any CPU.ActiveCfg = Debug|Any CPU
		{BF0639BA-6ADB-4CF0-8D29-7B0204675E92}.Debug|Any CPU.Build.0 = Debug|Any CPU
		{BF0639BA-6ADB-4CF0-8D29-7B0204675E92}.Release|Any CPU.ActiveCfg = Release|Any CPU
		{BF0639BA-6ADB-4CF0-8D29-7B0204675E92}.Release|Any CPU.Build.0 = Release|Any CPU
		{D7CBEEC2-3D45-4E55-A8E1-FA9FA6AC6E89}.Debug|Any CPU.ActiveCfg = Debug|Any CPU
		{D7CBEEC2-3D45-4E55-A8E1-FA9FA6AC6E89}.Debug|Any CPU.Build.0 = Debug|Any CPU
		{D7CBEEC2-3D45-4E55-A8E1-FA9FA6AC6E89}.Release|Any CPU.ActiveCfg = Release|Any CPU
		{D7CBEEC2-3D45-4E55-A8E1-FA9FA6AC6E89}.Release|Any CPU.Build.0 = Release|Any CPU
		{3321802C-6EE7-4618-918B-10CFF0104215}.Debug|Any CPU.ActiveCfg = Debug|Any CPU
		{3321802C-6EE7-4618-918B-10CFF0104215}.Debug|Any CPU.Build.0 = Debug|Any CPU
		{3321802C-6EE7-4618-918B-10CFF0104215}.Release|Any CPU.ActiveCfg = Release|Any CPU
		{3321802C-6EE7-4618-918B-10CFF0104215}.Release|Any CPU.Build.0 = Release|Any CPU
		{EAB80D51-9459-4C9D-9498-E0D015E36142}.Debug|Any CPU.ActiveCfg = Debug|Any CPU
		{EAB80D51-9459-4C9D-9498-E0D015E36142}.Debug|Any CPU.Build.0 = Debug|Any CPU
		{EAB80D51-9459-4C9D-9498-E0D015E36142}.Release|Any CPU.ActiveCfg = Release|Any CPU
		{EAB80D51-9459-4C9D-9498-E0D015E36142}.Release|Any CPU.Build.0 = Release|Any CPU
		{94654829-DECA-4169-A88E-6A6D231AF526}.Debug|Any CPU.ActiveCfg = Debug|Any CPU
		{94654829-DECA-4169-A88E-6A6D231AF526}.Debug|Any CPU.Build.0 = Debug|Any CPU
		{94654829-DECA-4169-A88E-6A6D231AF526}.Release|Any CPU.ActiveCfg = Release|Any CPU
		{94654829-DECA-4169-A88E-6A6D231AF526}.Release|Any CPU.Build.0 = Release|Any CPU
		{7245204F-D7BE-4E2F-819B-323C15126917}.Debug|Any CPU.ActiveCfg = Debug|Any CPU
		{7245204F-D7BE-4E2F-819B-323C15126917}.Debug|Any CPU.Build.0 = Debug|Any CPU
		{7245204F-D7BE-4E2F-819B-323C15126917}.Release|Any CPU.ActiveCfg = Release|Any CPU
		{7245204F-D7BE-4E2F-819B-323C15126917}.Release|Any CPU.Build.0 = Release|Any CPU
		{B65F98A7-8DA2-4563-B80C-E221595CF8B6}.Debug|Any CPU.ActiveCfg = Debug|Any CPU
		{B65F98A7-8DA2-4563-B80C-E221595CF8B6}.Debug|Any CPU.Build.0 = Debug|Any CPU
		{B65F98A7-8DA2-4563-B80C-E221595CF8B6}.Release|Any CPU.ActiveCfg = Release|Any CPU
		{B65F98A7-8DA2-4563-B80C-E221595CF8B6}.Release|Any CPU.Build.0 = Release|Any CPU
		{6168C748-6BCB-463A-8946-8C37202E78FB}.Debug|Any CPU.ActiveCfg = Debug|Any CPU
		{6168C748-6BCB-463A-8946-8C37202E78FB}.Debug|Any CPU.Build.0 = Debug|Any CPU
		{6168C748-6BCB-463A-8946-8C37202E78FB}.Release|Any CPU.ActiveCfg = Release|Any CPU
		{6168C748-6BCB-463A-8946-8C37202E78FB}.Release|Any CPU.Build.0 = Release|Any CPU
		{F7927F3E-0E55-46EB-9A63-FD9BCBDDC8DC}.Debug|Any CPU.ActiveCfg = Debug|Any CPU
		{F7927F3E-0E55-46EB-9A63-FD9BCBDDC8DC}.Debug|Any CPU.Build.0 = Debug|Any CPU
		{F7927F3E-0E55-46EB-9A63-FD9BCBDDC8DC}.Release|Any CPU.ActiveCfg = Release|Any CPU
		{F7927F3E-0E55-46EB-9A63-FD9BCBDDC8DC}.Release|Any CPU.Build.0 = Release|Any CPU
		{E274B3A1-298F-47CC-99D8-2F3E84564CD7}.Debug|Any CPU.ActiveCfg = Debug|Any CPU
		{E274B3A1-298F-47CC-99D8-2F3E84564CD7}.Debug|Any CPU.Build.0 = Debug|Any CPU
		{E274B3A1-298F-47CC-99D8-2F3E84564CD7}.Release|Any CPU.ActiveCfg = Release|Any CPU
		{E274B3A1-298F-47CC-99D8-2F3E84564CD7}.Release|Any CPU.Build.0 = Release|Any CPU
	EndGlobalSection
	GlobalSection(SolutionProperties) = preSolution
		HideSolutionNode = FALSE
	EndGlobalSection
	GlobalSection(ExtensibilityGlobals) = postSolution
		EnterpriseLibraryConfigurationToolBinariesPathV6 = packages\EnterpriseLibrary.TransientFaultHandling.6.0.1304.0\lib\portable-net45+win+wp8;packages\EnterpriseLibrary.TransientFaultHandling.Data.6.0.1304.1\lib\NET45;packages\EnterpriseLibrary.Common.6.0.1304.0\lib\NET45;packages\EnterpriseLibrary.ExceptionHandling.6.0.1304.0\lib\NET45;packages\EnterpriseLibrary.Logging.6.0.1304.0\lib\NET45;packages\EnterpriseLibrary.ExceptionHandling.Logging.6.0.1304.0\lib\NET45;packages\EnterpriseLibrary.Data.6.0.1304.0\lib\NET45;packages\EnterpriseLibrary.PolicyInjection.6.0.1304.0\lib\NET45
		EnterpriseLibraryConfigurationToolBinariesPath = packages\Unity.2.1.505.0\lib\NET35;packages\Unity.Interception.2.1.505.0\lib\NET35;packages\EnterpriseLibrary.Common.5.0.505.0\lib\NET35;packages\EnterpriseLibrary.Caching.5.0.505.0\lib\NET35
		SolutionGuid = {6E8823FB-CC95-4718-A027-71C4546B47EB}
	EndGlobalSection
EndGlobal
